
Microsoft Visual Studio Solution File, Format Version 12.00
# Visual Studio Version 16
VisualStudioVersion = 16.0.30907.101
MinimumVisualStudioVersion = 10.0.40219.1
Project("{9A19103F-16F7-4668-BE54-9A1E7A4F7556}") = "Hex.Geometry", "Hex.Geometry\Hex.Geometry.csproj", "{D3DAB2A7-FB8D-4862-A057-0A3E2EFD6BCD}"
EndProject
Project("{FAE04EC0-301F-11D3-BF4B-00C04F79EFBC}") = "Hex.Geometry.Tests", "Hex.Geometry.Tests\Hex.Geometry.Tests.csproj", "{0397A765-4E06-4FEE-B91C-A179FE38ADDD}"
EndProject
Global
	GlobalSection(SolutionConfigurationPlatforms) = preSolution
		Debug|Any CPU = Debug|Any CPU
		Release|Any CPU = Release|Any CPU
	EndGlobalSection
	GlobalSection(ProjectConfigurationPlatforms) = postSolution
		{D3DAB2A7-FB8D-4862-A057-0A3E2EFD6BCD}.Debug|Any CPU.ActiveCfg = Debug|Any CPU
		{D3DAB2A7-FB8D-4862-A057-0A3E2EFD6BCD}.Debug|Any CPU.Build.0 = Debug|Any CPU
		{D3DAB2A7-FB8D-4862-A057-0A3E2EFD6BCD}.Release|Any CPU.ActiveCfg = Release|Any CPU
		{D3DAB2A7-FB8D-4862-A057-0A3E2EFD6BCD}.Release|Any CPU.Build.0 = Release|Any CPU
		{0397A765-4E06-4FEE-B91C-A179FE38ADDD}.Debug|Any CPU.ActiveCfg = Debug|Any CPU
		{0397A765-4E06-4FEE-B91C-A179FE38ADDD}.Debug|Any CPU.Build.0 = Debug|Any CPU
		{0397A765-4E06-4FEE-B91C-A179FE38ADDD}.Release|Any CPU.ActiveCfg = Release|Any CPU
		{0397A765-4E06-4FEE-B91C-A179FE38ADDD}.Release|Any CPU.Build.0 = Release|Any CPU
	EndGlobalSection
	GlobalSection(SolutionProperties) = preSolution
		HideSolutionNode = FALSE
	EndGlobalSection
	GlobalSection(ExtensibilityGlobals) = postSolution
		SolutionGuid = {2F7708AC-241C-43C0-A702-ADD982D4273A}
	EndGlobalSection
EndGlobal
